
Microsoft Visual Studio Solution File, Format Version 12.00
# Visual Studio Version 17
VisualStudioVersion = 17.8.34330.188
MinimumVisualStudioVersion = 10.0.40219.1
Project("{FAE04EC0-301F-11D3-BF4B-00C04F79EFBC}") = "APIWeb", "APIWeb\APIWeb.csproj", "{7B085B66-F8E8-4B63-9C8D-92182405AA86}"
EndProject
Global
	GlobalSection(SolutionConfigurationPlatforms) = preSolution
		Debug|Any CPU = Debug|Any CPU
		Release|Any CPU = Release|Any CPU
	EndGlobalSection
	GlobalSection(ProjectConfigurationPlatforms) = postSolution
		{7B085B66-F8E8-4B63-9C8D-92182405AA86}.Debug|Any CPU.ActiveCfg = Debug|Any CPU
		{7B085B66-F8E8-4B63-9C8D-92182405AA86}.Debug|Any CPU.Build.0 = Debug|Any CPU
		{7B085B66-F8E8-4B63-9C8D-92182405AA86}.Release|Any CPU.ActiveCfg = Release|Any CPU
		{7B085B66-F8E8-4B63-9C8D-92182405AA86}.Release|Any CPU.Build.0 = Release|Any CPU
	EndGlobalSection
	GlobalSection(SolutionProperties) = preSolution
		HideSolutionNode = FALSE
	EndGlobalSection
	GlobalSection(ExtensibilityGlobals) = postSolution
		SolutionGuid = {242EABDC-9773-4008-B632-97A71EB98667}
	EndGlobalSection
EndGlobal
